// !$*UTF8*$!
{
	archiveVersion = 1;
	classes = {
	};
	objectVersion = 46;
	objects = {

/* Begin PBXBuildFile section */
		0AEDD0B01E452BB800285D46 /* AppDelegate.swift in Sources */ = {isa = PBXBuildFile; fileRef = 0AEDD0AF1E452BB800285D46 /* AppDelegate.swift */; };
		0AEDD0B21E452BB800285D46 /* ViewController.swift in Sources */ = {isa = PBXBuildFile; fileRef = 0AEDD0B11E452BB800285D46 /* ViewController.swift */; };
		0AEDD0B71E452BB800285D46 /* Assets.xcassets in Resources */ = {isa = PBXBuildFile; fileRef = 0AEDD0B61E452BB800285D46 /* Assets.xcassets */; };
		0AEDD0C21E452C7000285D46 /* BrushChooser.swift in Sources */ = {isa = PBXBuildFile; fileRef = 0AEDD0C11E452C7000285D46 /* BrushChooser.swift */; };
		0AEDD0C41E452D8300285D46 /* ColorWheelView.swift in Sources */ = {isa = PBXBuildFile; fileRef = 0AEDD0C31E452D8300285D46 /* ColorWheelView.swift */; };
/* End PBXBuildFile section */

/* Begin PBXFileReference section */
		0AEDD0AC1E452BB800285D46 /* BrushChooser.app */ = {isa = PBXFileReference; explicitFileType = wrapper.application; includeInIndex = 0; path = BrushChooser.app; sourceTree = BUILT_PRODUCTS_DIR; };
		0AEDD0AF1E452BB800285D46 /* AppDelegate.swift */ = {isa = PBXFileReference; lastKnownFileType = sourcecode.swift; path = AppDelegate.swift; sourceTree = "<group>"; };
		0AEDD0B11E452BB800285D46 /* ViewController.swift */ = {isa = PBXFileReference; lastKnownFileType = sourcecode.swift; path = ViewController.swift; sourceTree = "<group>"; };
		0AEDD0B61E452BB800285D46 /* Assets.xcassets */ = {isa = PBXFileReference; lastKnownFileType = folder.assetcatalog; path = Assets.xcassets; sourceTree = "<group>"; };
		0AEDD0BB1E452BB800285D46 /* Info.plist */ = {isa = PBXFileReference; lastKnownFileType = text.plist.xml; path = Info.plist; sourceTree = "<group>"; };
		0AEDD0C11E452C7000285D46 /* BrushChooser.swift */ = {isa = PBXFileReference; fileEncoding = 4; lastKnownFileType = sourcecode.swift; path = BrushChooser.swift; sourceTree = "<group>"; };
		0AEDD0C31E452D8300285D46 /* ColorWheelView.swift */ = {isa = PBXFileReference; fileEncoding = 4; lastKnownFileType = sourcecode.swift; path = ColorWheelView.swift; sourceTree = "<group>"; };
/* End PBXFileReference section */

/* Begin PBXFrameworksBuildPhase section */
		0AEDD0A91E452BB800285D46 /* Frameworks */ = {
			isa = PBXFrameworksBuildPhase;
			buildActionMask = 2147483647;
			files = (
			);
			runOnlyForDeploymentPostprocessing = 0;
		};
/* End PBXFrameworksBuildPhase section */

/* Begin PBXGroup section */
		0AEDD0A31E452BB800285D46 = {
			isa = PBXGroup;
			children = (
				0AEDD0AE1E452BB800285D46 /* BrushChooser */,
				0AEDD0AD1E452BB800285D46 /* Products */,
			);
			sourceTree = "<group>";
		};
		0AEDD0AD1E452BB800285D46 /* Products */ = {
			isa = PBXGroup;
			children = (
				0AEDD0AC1E452BB800285D46 /* BrushChooser.app */,
			);
			name = Products;
			sourceTree = "<group>";
		};
		0AEDD0AE1E452BB800285D46 /* BrushChooser */ = {
			isa = PBXGroup;
			children = (
				0AEDD0AF1E452BB800285D46 /* AppDelegate.swift */,
				0AEDD0B11E452BB800285D46 /* ViewController.swift */,
				0AEDD0B61E452BB800285D46 /* Assets.xcassets */,
				0AEDD0BB1E452BB800285D46 /* Info.plist */,
				0AEDD0C11E452C7000285D46 /* BrushChooser.swift */,
				0AEDD0C31E452D8300285D46 /* ColorWheelView.swift */,
			);
			path = BrushChooser;
			sourceTree = "<group>";
		};
/* End PBXGroup section */

/* Begin PBXNativeTarget section */
		0AEDD0AB1E452BB800285D46 /* BrushChooser */ = {
			isa = PBXNativeTarget;
			buildConfigurationList = 0AEDD0BE1E452BB800285D46 /* Build configuration list for PBXNativeTarget "BrushChooser" */;
			buildPhases = (
				0AEDD0A81E452BB800285D46 /* Sources */,
				0AEDD0A91E452BB800285D46 /* Frameworks */,
				0AEDD0AA1E452BB800285D46 /* Resources */,
			);
			buildRules = (
			);
			dependencies = (
			);
			name = BrushChooser;
			productName = BrushChooser;
			productReference = 0AEDD0AC1E452BB800285D46 /* BrushChooser.app */;
			productType = "com.apple.product-type.application";
		};
/* End PBXNativeTarget section */

/* Begin PBXProject section */
		0AEDD0A41E452BB800285D46 /* Project object */ = {
			isa = PBXProject;
			attributes = {
				LastSwiftUpdateCheck = 0820;
				LastUpgradeCheck = 0820;
				ORGANIZATIONNAME = "McKay Fenn";
				TargetAttributes = {
					0AEDD0AB1E452BB800285D46 = {
						CreatedOnToolsVersion = 8.2;
						ProvisioningStyle = Automatic;
					};
				};
			};
			buildConfigurationList = 0AEDD0A71E452BB800285D46 /* Build configuration list for PBXProject "BrushChooser" */;
			compatibilityVersion = "Xcode 3.2";
			developmentRegion = English;
			hasScannedForEncodings = 0;
			knownRegions = (
				en,
				Base,
			);
			mainGroup = 0AEDD0A31E452BB800285D46;
			productRefGroup = 0AEDD0AD1E452BB800285D46 /* Products */;
			projectDirPath = "";
			projectRoot = "";
			targets = (
				0AEDD0AB1E452BB800285D46 /* BrushChooser */,
			);
		};
/* End PBXProject section */

/* Begin PBXResourcesBuildPhase section */
		0AEDD0AA1E452BB800285D46 /* Resources */ = {
			isa = PBXResourcesBuildPhase;
			buildActionMask = 2147483647;
			files = (
				0AEDD0B71E452BB800285D46 /* Assets.xcassets in Resources */,
			);
			runOnlyForDeploymentPostprocessing = 0;
		};
/* End PBXResourcesBuildPhase section */

/* Begin PBXSourcesBuildPhase section */
		0AEDD0A81E452BB800285D46 /* Sources */ = {
			isa = PBXSourcesBuildPhase;
			buildActionMask = 2147483647;
			files = (
				0AEDD0B21E452BB800285D46 /* ViewController.swift in Sources */,
				0AEDD0B01E452BB800285D46 /* AppDelegate.swift in Sources */,
				0AEDD0C21E452C7000285D46 /* BrushChooser.swift in Sources */,
				0AEDD0C41E452D8300285D46 /* ColorWheelView.swift in Sources */,
			);
			runOnlyForDeploymentPostprocessing = 0;
		};
/* End PBXSourcesBuildPhase section */

/* Begin XCBuildConfiguration section */
		0AEDD0BC1E452BB800285D46 /* Debug */ = {
			isa = XCBuildConfiguration;
			buildSettings = {
				ALWAYS_SEARCH_USER_PATHS = NO;
				CLANG_ANALYZER_NONNULL = YES;
				CLANG_CXX_LANGUAGE_STANDARD = "gnu++0x";
				CLANG_CXX_LIBRARY = "libc++";
				CLANG_ENABLE_MODULES = YES;
				CLANG_ENABLE_OBJC_ARC = YES;
				CLANG_WARN_BOOL_CONVERSION = YES;
				CLANG_WARN_CONSTANT_CONVERSION = YES;
				CLANG_WARN_DIRECT_OBJC_ISA_USAGE = YES_ERROR;
				CLANG_WARN_DOCUMENTATION_COMMENTS = YES;
				CLANG_WARN_EMPTY_BODY = YES;
				CLANG_WARN_ENUM_CONVERSION = YES;
				CLANG_WARN_INFINITE_RECURSION = YES;
				CLANG_WARN_INT_CONVERSION = YES;
				CLANG_WARN_OBJC_ROOT_CLASS = YES_ERROR;
				CLANG_WARN_SUSPICIOUS_MOVE = YES;
				CLANG_WARN_UNREACHABLE_CODE = YES;
				CLANG_WARN__DUPLICATE_METHOD_MATCH = YES;
				"CODE_SIGN_IDENTITY[sdk=iphoneos*]" = "iPhone Developer";
				COPY_PHASE_STRIP = NO;
				DEBUG_INFORMATION_FORMAT = dwarf;
				ENABLE_STRICT_OBJC_MSGSEND = YES;
				ENABLE_TESTABILITY = YES;
				GCC_C_LANGUAGE_STANDARD = gnu99;
				GCC_DYNAMIC_NO_PIC = NO;
				GCC_NO_COMMON_BLOCKS = YES;
				GCC_OPTIMIZATION_LEVEL = 0;
				GCC_PREPROCESSOR_DEFINITIONS = (
					"DEBUG=1",
					"$(inherited)",
				);
				GCC_WARN_64_TO_32_BIT_CONVERSION = YES;
				GCC_WARN_ABOUT_RETURN_TYPE = YES_ERROR;
				GCC_WARN_UNDECLARED_SELECTOR = YES;
				GCC_WARN_UNINITIALIZED_AUTOS = YES_AGGRESSIVE;
				GCC_WARN_UNUSED_FUNCTION = YES;
				GCC_WARN_UNUSED_VARIABLE = YES;
				IPHONEOS_DEPLOYMENT_TARGET = 10.2;
				MTL_ENABLE_DEBUG_INFO = YES;
				ONLY_ACTIVE_ARCH = YES;
				SDKROOT = iphoneos;
				SWIFT_ACTIVE_COMPILATION_CONDITIONS = DEBUG;
				SWIFT_OPTIMIZATION_LEVEL = "-Onone";
				TARGETED_DEVICE_FAMILY = "1,2";
			};
			name = Debug;
		};
		0AEDD0BD1E452BB800285D46 /* Release */ = {
			isa = XCBuildConfiguration;
			buildSettings = {
				ALWAYS_SEARCH_USER_PATHS = NO;
				CLANG_ANALYZER_NONNULL = YES;
				CLANG_CXX_LANGUAGE_STANDARD = "gnu++0x";
				CLANG_CXX_LIBRARY = "libc++";
				CLANG_ENABLE_MODULES = YES;
				CLANG_ENABLE_OBJC_ARC = YES;
				CLANG_WARN_BOOL_CONVERSION = YES;
				CLANG_WARN_CONSTANT_CONVERSION = YES;
				CLANG_WARN_DIRECT_OBJC_ISA_USAGE = YES_ERROR;
				CLANG_WARN_DOCUMENTATION_COMMENTS = YES;
				CLANG_WARN_EMPTY_BODY = YES;
				CLANG_WARN_ENUM_CONVERSION = YES;
				CLANG_WARN_INFINITE_RECURSION = YES;
				CLANG_WARN_INT_CONVERSION = YES;
				CLANG_WARN_OBJC_ROOT_CLASS = YES_ERROR;
				CLANG_WARN_SUSPICIOUS_MOVE = YES;
				CLANG_WARN_UNREACHABLE_CODE = YES;
				CLANG_WARN__DUPLICATE_METHOD_MATCH = YES;
				"CODE_SIGN_IDENTITY[sdk=iphoneos*]" = "iPhone Developer";
				COPY_PHASE_STRIP = NO;
				DEBUG_INFORMATION_FORMAT = "dwarf-with-dsym";
				ENABLE_NS_ASSERTIONS = NO;
				ENABLE_STRICT_OBJC_MSGSEND = YES;
				GCC_C_LANGUAGE_STANDARD = gnu99;
				GCC_NO_COMMON_BLOCKS = YES;
				GCC_WARN_64_TO_32_BIT_CONVERSION = YES;
				GCC_WARN_ABOUT_RETURN_TYPE = YES_ERROR;
				GCC_WARN_UNDECLARED_SELECTOR = YES;
				GCC_WARN_UNINITIALIZED_AUTOS = YES_AGGRESSIVE;
				GCC_WARN_UNUSED_FUNCTION = YES;
				GCC_WARN_UNUSED_VARIABLE = YES;
				IPHONEOS_DEPLOYMENT_TARGET = 10.2;
				MTL_ENABLE_DEBUG_INFO = NO;
				SDKROOT = iphoneos;
				SWIFT_OPTIMIZATION_LEVEL = "-Owholemodule";
				TARGETED_DEVICE_FAMILY = "1,2";
				VALIDATE_PRODUCT = YES;
			};
			name = Release;
		};
		0AEDD0BF1E452BB800285D46 /* Debug */ = {
			isa = XCBuildConfiguration;
			buildSettings = {
				ASSETCATALOG_COMPILER_APPICON_NAME = AppIcon;
				INFOPLIST_FILE = BrushChooser/Info.plist;
				LD_RUNPATH_SEARCH_PATHS = "$(inherited) @executable_path/Frameworks";
				PRODUCT_BUNDLE_IDENTIFIER = "McKay-Fenn.BrushChooser";
				PRODUCT_NAME = "$(TARGET_NAME)";
				SWIFT_VERSION = 3.0;
			};
			name = Debug;
		};
		0AEDD0C01E452BB800285D46 /* Release */ = {
			isa = XCBuildConfiguration;
			buildSettings = {
				ASSETCATALOG_COMPILER_APPICON_NAME = AppIcon;
				INFOPLIST_FILE = BrushChooser/Info.plist;
				LD_RUNPATH_SEARCH_PATHS = "$(inherited) @executable_path/Frameworks";
				PRODUCT_BUNDLE_IDENTIFIER = "McKay-Fenn.BrushChooser";
				PRODUCT_NAME = "$(TARGET_NAME)";
				SWIFT_VERSION = 3.0;
			};
			name = Release;
		};
/* End XCBuildConfiguration section */

/* Begin XCConfigurationList section */
		0AEDD0A71E452BB800285D46 /* Build configuration list for PBXProject "BrushChooser" */ = {
			isa = XCConfigurationList;
			buildConfigurations = (
				0AEDD0BC1E452BB800285D46 /* Debug */,
				0AEDD0BD1E452BB800285D46 /* Release */,
			);
			defaultConfigurationIsVisible = 0;
			defaultConfigurationName = Release;
		};
		0AEDD0BE1E452BB800285D46 /* Build configuration list for PBXNativeTarget "BrushChooser" */ = {
			isa = XCConfigurationList;
			buildConfigurations = (
				0AEDD0BF1E452BB800285D46 /* Debug */,
				0AEDD0C01E452BB800285D46 /* Release */,
			);
			defaultConfigurationIsVisible = 0;
		};
/* End XCConfigurationList section */
	};
	rootObject = 0AEDD0A41E452BB800285D46 /* Project object */;
}
